
Microsoft Visual Studio Solution File, Format Version 12.00
# Visual Studio Version 17
VisualStudioVersion = 17.13.35825.156 d17.13
MinimumVisualStudioVersion = 10.0.40219.1
Project("{FAE04EC0-301F-11D3-BF4B-00C04F79EFBC}") = "DevEvents.API", "DevEvents.API\DevEvents.API.csproj", "{3F4546E9-3D65-4AA6-AC87-5BAAE42E5EBE}"
EndProject
Global
	GlobalSection(SolutionConfigurationPlatforms) = preSolution
		Debug|Any CPU = Debug|Any CPU
		Release|Any CPU = Release|Any CPU
	EndGlobalSection
	GlobalSection(ProjectConfigurationPlatforms) = postSolution
		{3F4546E9-3D65-4AA6-AC87-5BAAE42E5EBE}.Debug|Any CPU.ActiveCfg = Debug|Any CPU
		{3F4546E9-3D65-4AA6-AC87-5BAAE42E5EBE}.Debug|Any CPU.Build.0 = Debug|Any CPU
		{3F4546E9-3D65-4AA6-AC87-5BAAE42E5EBE}.Release|Any CPU.ActiveCfg = Release|Any CPU
		{3F4546E9-3D65-4AA6-AC87-5BAAE42E5EBE}.Release|Any CPU.Build.0 = Release|Any CPU
	EndGlobalSection
	GlobalSection(SolutionProperties) = preSolution
		HideSolutionNode = FALSE
	EndGlobalSection
	GlobalSection(ExtensibilityGlobals) = postSolution
		SolutionGuid = {AFD5A455-853D-4546-8991-1C98D112507D}
	EndGlobalSection
EndGlobal
